// !$*UTF8*$!
{
	archiveVersion = 1;
	classes = {
	};
	objectVersion = 46;
	objects = {

/* Begin PBXBuildFile section */
		9595D7781C34AAE700FB3894 /* AppDelegate.swift in Sources */ = {isa = PBXBuildFile; fileRef = 9595D7771C34AAE700FB3894 /* AppDelegate.swift */; };
		9595D77A1C34AAE700FB3894 /* ViewController.swift in Sources */ = {isa = PBXBuildFile; fileRef = 9595D7791C34AAE700FB3894 /* ViewController.swift */; };
		9595D77D1C34AAE700FB3894 /* Main.storyboard in Resources */ = {isa = PBXBuildFile; fileRef = 9595D77B1C34AAE700FB3894 /* Main.storyboard */; };
		9595D77F1C34AAE700FB3894 /* Assets.xcassets in Resources */ = {isa = PBXBuildFile; fileRef = 9595D77E1C34AAE700FB3894 /* Assets.xcassets */; };
		9595D78A1C34AB0100FB3894 /* FBSDKCoreKit.framework in Frameworks */ = {isa = PBXBuildFile; fileRef = 9595D7871C34AB0100FB3894 /* FBSDKCoreKit.framework */; };
		9595D78B1C34AB0100FB3894 /* FBSDKLoginKit.framework in Frameworks */ = {isa = PBXBuildFile; fileRef = 9595D7881C34AB0100FB3894 /* FBSDKLoginKit.framework */; };
		9595D78C1C34AB0100FB3894 /* FBSDKShareKit.framework in Frameworks */ = {isa = PBXBuildFile; fileRef = 9595D7891C34AB0100FB3894 /* FBSDKShareKit.framework */; };
/* End PBXBuildFile section */

/* Begin PBXFileReference section */
		9595D7741C34AAE700FB3894 /* FaeBowl.app */ = {isa = PBXFileReference; explicitFileType = wrapper.application; includeInIndex = 0; path = FaeBowl.app; sourceTree = BUILT_PRODUCTS_DIR; };
		9595D7771C34AAE700FB3894 /* AppDelegate.swift */ = {isa = PBXFileReference; lastKnownFileType = sourcecode.swift; path = AppDelegate.swift; sourceTree = "<group>"; };
		9595D7791C34AAE700FB3894 /* ViewController.swift */ = {isa = PBXFileReference; lastKnownFileType = sourcecode.swift; path = ViewController.swift; sourceTree = "<group>"; };
		9595D77C1C34AAE700FB3894 /* Base */ = {isa = PBXFileReference; lastKnownFileType = file.storyboard; name = Base; path = Base.lproj/Main.storyboard; sourceTree = "<group>"; };
		9595D77E1C34AAE700FB3894 /* Assets.xcassets */ = {isa = PBXFileReference; lastKnownFileType = folder.assetcatalog; path = Assets.xcassets; sourceTree = "<group>"; };
		9595D7801C34AAE700FB3894 /* Info.plist */ = {isa = PBXFileReference; lastKnownFileType = text.plist.xml; path = Info.plist; sourceTree = "<group>"; };
		9595D7871C34AB0100FB3894 /* FBSDKCoreKit.framework */ = {isa = PBXFileReference; lastKnownFileType = wrapper.framework; name = FBSDKCoreKit.framework; path = "../../../../../Documents/FacebookSDKs-iOS-20151111/FBSDKCoreKit.framework"; sourceTree = "<group>"; };
		9595D7881C34AB0100FB3894 /* FBSDKLoginKit.framework */ = {isa = PBXFileReference; lastKnownFileType = wrapper.framework; name = FBSDKLoginKit.framework; path = "../../../../../Documents/FacebookSDKs-iOS-20151111/FBSDKLoginKit.framework"; sourceTree = "<group>"; };
		9595D7891C34AB0100FB3894 /* FBSDKShareKit.framework */ = {isa = PBXFileReference; lastKnownFileType = wrapper.framework; name = FBSDKShareKit.framework; path = "../../../../../Documents/FacebookSDKs-iOS-20151111/FBSDKShareKit.framework"; sourceTree = "<group>"; };
/* End PBXFileReference section */

/* Begin PBXFrameworksBuildPhase section */
		9595D7711C34AAE700FB3894 /* Frameworks */ = {
			isa = PBXFrameworksBuildPhase;
			buildActionMask = 2147483647;
			files = (
				9595D78B1C34AB0100FB3894 /* FBSDKLoginKit.framework in Frameworks */,
				9595D78A1C34AB0100FB3894 /* FBSDKCoreKit.framework in Frameworks */,
				9595D78C1C34AB0100FB3894 /* FBSDKShareKit.framework in Frameworks */,
			);
			runOnlyForDeploymentPostprocessing = 0;
		};
/* End PBXFrameworksBuildPhase section */

/* Begin PBXGroup section */
		9595D76B1C34AAE700FB3894 = {
			isa = PBXGroup;
			children = (
				9595D7761C34AAE700FB3894 /* FaeBowl */,
				9595D7751C34AAE700FB3894 /* Products */,
			);
			sourceTree = "<group>";
		};
		9595D7751C34AAE700FB3894 /* Products */ = {
			isa = PBXGroup;
			children = (
				9595D7741C34AAE700FB3894 /* FaeBowl.app */,
			);
			name = Products;
			sourceTree = "<group>";
		};
		9595D7761C34AAE700FB3894 /* FaeBowl */ = {
			isa = PBXGroup;
			children = (
				9595D7861C34AAF100FB3894 /* Frameworks */,
				9595D7771C34AAE700FB3894 /* AppDelegate.swift */,
				9595D7791C34AAE700FB3894 /* ViewController.swift */,
				9595D77B1C34AAE700FB3894 /* Main.storyboard */,
				9595D77E1C34AAE700FB3894 /* Assets.xcassets */,
				9595D7801C34AAE700FB3894 /* Info.plist */,
			);
			path = FaeBowl;
			sourceTree = "<group>";
		};
		9595D7861C34AAF100FB3894 /* Frameworks */ = {
			isa = PBXGroup;
			children = (
				9595D7871C34AB0100FB3894 /* FBSDKCoreKit.framework */,
				9595D7881C34AB0100FB3894 /* FBSDKLoginKit.framework */,
				9595D7891C34AB0100FB3894 /* FBSDKShareKit.framework */,
			);
			name = Frameworks;
			sourceTree = "<group>";
		};
/* End PBXGroup section */

/* Begin PBXNativeTarget section */
		9595D7731C34AAE700FB3894 /* FaeBowl */ = {
			isa = PBXNativeTarget;
			buildConfigurationList = 9595D7831C34AAE700FB3894 /* Build configuration list for PBXNativeTarget "FaeBowl" */;
			buildPhases = (
				9595D7701C34AAE700FB3894 /* Sources */,
				9595D7711C34AAE700FB3894 /* Frameworks */,
				9595D7721C34AAE700FB3894 /* Resources */,
			);
			buildRules = (
			);
			dependencies = (
			);
			name = FaeBowl;
			productName = FaeBowl;
			productReference = 9595D7741C34AAE700FB3894 /* FaeBowl.app */;
			productType = "com.apple.product-type.application";
		};
/* End PBXNativeTarget section */

/* Begin PBXProject section */
		9595D76C1C34AAE700FB3894 /* Project object */ = {
			isa = PBXProject;
			attributes = {
				LastSwiftUpdateCheck = 0720;
				LastUpgradeCheck = 0720;
				ORGANIZATIONNAME = Marco;
				TargetAttributes = {
					9595D7731C34AAE700FB3894 = {
						CreatedOnToolsVersion = 7.2;
					};
				};
			};
			buildConfigurationList = 9595D76F1C34AAE700FB3894 /* Build configuration list for PBXProject "FaeBowl" */;
			compatibilityVersion = "Xcode 3.2";
			developmentRegion = English;
			hasScannedForEncodings = 0;
			knownRegions = (
				en,
				Base,
			);
			mainGroup = 9595D76B1C34AAE700FB3894;
			productRefGroup = 9595D7751C34AAE700FB3894 /* Products */;
			projectDirPath = "";
			projectRoot = "";
			targets = (
				9595D7731C34AAE700FB3894 /* FaeBowl */,
			);
		};
/* End PBXProject section */

/* Begin PBXResourcesBuildPhase section */
		9595D7721C34AAE700FB3894 /* Resources */ = {
			isa = PBXResourcesBuildPhase;
			buildActionMask = 2147483647;
			files = (
				9595D77F1C34AAE700FB3894 /* Assets.xcassets in Resources */,
				9595D77D1C34AAE700FB3894 /* Main.storyboard in Resources */,
			);
			runOnlyForDeploymentPostprocessing = 0;
		};
/* End PBXResourcesBuildPhase section */

/* Begin PBXSourcesBuildPhase section */
		9595D7701C34AAE700FB3894 /* Sources */ = {
			isa = PBXSourcesBuildPhase;
			buildActionMask = 2147483647;
			files = (
				9595D77A1C34AAE700FB3894 /* ViewController.swift in Sources */,
				9595D7781C34AAE700FB3894 /* AppDelegate.swift in Sources */,
			);
			runOnlyForDeploymentPostprocessing = 0;
		};
/* End PBXSourcesBuildPhase section */

/* Begin PBXVariantGroup section */
		9595D77B1C34AAE700FB3894 /* Main.storyboard */ = {
			isa = PBXVariantGroup;
			children = (
				9595D77C1C34AAE700FB3894 /* Base */,
			);
			name = Main.storyboard;
			sourceTree = "<group>";
		};
/* End PBXVariantGroup section */

/* Begin XCBuildConfiguration section */
		9595D7811C34AAE700FB3894 /* Debug */ = {
			isa = XCBuildConfiguration;
			buildSettings = {
				ALWAYS_SEARCH_USER_PATHS = NO;
				CLANG_CXX_LANGUAGE_STANDARD = "gnu++0x";
				CLANG_CXX_LIBRARY = "libc++";
				CLANG_ENABLE_MODULES = YES;
				CLANG_ENABLE_OBJC_ARC = YES;
				CLANG_WARN_BOOL_CONVERSION = YES;
				CLANG_WARN_CONSTANT_CONVERSION = YES;
				CLANG_WARN_DIRECT_OBJC_ISA_USAGE = YES_ERROR;
				CLANG_WARN_EMPTY_BODY = YES;
				CLANG_WARN_ENUM_CONVERSION = YES;
				CLANG_WARN_INT_CONVERSION = YES;
				CLANG_WARN_OBJC_ROOT_CLASS = YES_ERROR;
				CLANG_WARN_UNREACHABLE_CODE = YES;
				CLANG_WARN__DUPLICATE_METHOD_MATCH = YES;
				COPY_PHASE_STRIP = NO;
				DEBUG_INFORMATION_FORMAT = dwarf;
				ENABLE_STRICT_OBJC_MSGSEND = YES;
				ENABLE_TESTABILITY = YES;
				GCC_C_LANGUAGE_STANDARD = gnu99;
				GCC_DYNAMIC_NO_PIC = NO;
				GCC_NO_COMMON_BLOCKS = YES;
				GCC_OPTIMIZATION_LEVEL = 0;
				GCC_PREPROCESSOR_DEFINITIONS = (
					"DEBUG=1",
					"$(inherited)",
				);
				GCC_WARN_64_TO_32_BIT_CONVERSION = YES;
				GCC_WARN_ABOUT_RETURN_TYPE = YES_ERROR;
				GCC_WARN_UNDECLARED_SELECTOR = YES;
				GCC_WARN_UNINITIALIZED_AUTOS = YES_AGGRESSIVE;
				GCC_WARN_UNUSED_FUNCTION = YES;
				GCC_WARN_UNUSED_VARIABLE = YES;
				MTL_ENABLE_DEBUG_INFO = YES;
				ONLY_ACTIVE_ARCH = YES;
				SDKROOT = appletvos;
				SWIFT_OPTIMIZATION_LEVEL = "-Onone";
				TARGETED_DEVICE_FAMILY = 3;
				TVOS_DEPLOYMENT_TARGET = 9.1;
			};
			name = Debug;
		};
		9595D7821C34AAE700FB3894 /* Release */ = {
			isa = XCBuildConfiguration;
			buildSettings = {
				ALWAYS_SEARCH_USER_PATHS = NO;
				CLANG_CXX_LANGUAGE_STANDARD = "gnu++0x";
				CLANG_CXX_LIBRARY = "libc++";
				CLANG_ENABLE_MODULES = YES;
				CLANG_ENABLE_OBJC_ARC = YES;
				CLANG_WARN_BOOL_CONVERSION = YES;
				CLANG_WARN_CONSTANT_CONVERSION = YES;
				CLANG_WARN_DIRECT_OBJC_ISA_USAGE = YES_ERROR;
				CLANG_WARN_EMPTY_BODY = YES;
				CLANG_WARN_ENUM_CONVERSION = YES;
				CLANG_WARN_INT_CONVERSION = YES;
				CLANG_WARN_OBJC_ROOT_CLASS = YES_ERROR;
				CLANG_WARN_UNREACHABLE_CODE = YES;
				CLANG_WARN__DUPLICATE_METHOD_MATCH = YES;
				COPY_PHASE_STRIP = NO;
				DEBUG_INFORMATION_FORMAT = "dwarf-with-dsym";
				ENABLE_NS_ASSERTIONS = NO;
				ENABLE_STRICT_OBJC_MSGSEND = YES;
				GCC_C_LANGUAGE_STANDARD = gnu99;
				GCC_NO_COMMON_BLOCKS = YES;
				GCC_WARN_64_TO_32_BIT_CONVERSION = YES;
				GCC_WARN_ABOUT_RETURN_TYPE = YES_ERROR;
				GCC_WARN_UNDECLARED_SELECTOR = YES;
				GCC_WARN_UNINITIALIZED_AUTOS = YES_AGGRESSIVE;
				GCC_WARN_UNUSED_FUNCTION = YES;
				GCC_WARN_UNUSED_VARIABLE = YES;
				MTL_ENABLE_DEBUG_INFO = NO;
				SDKROOT = appletvos;
				TARGETED_DEVICE_FAMILY = 3;
				TVOS_DEPLOYMENT_TARGET = 9.1;
				VALIDATE_PRODUCT = YES;
			};
			name = Release;
		};
		9595D7841C34AAE700FB3894 /* Debug */ = {
			isa = XCBuildConfiguration;
			buildSettings = {
				ASSETCATALOG_COMPILER_APPICON_NAME = "App Icon & Top Shelf Image";
				ASSETCATALOG_COMPILER_LAUNCHIMAGE_NAME = LaunchImage;
				FRAMEWORK_SEARCH_PATHS = "$(HOME)/Documents/FacebookSDK";
				INFOPLIST_FILE = FaeBowl/Info.plist;
				LD_RUNPATH_SEARCH_PATHS = "$(inherited) @executable_path/Frameworks";
				PRODUCT_BUNDLE_IDENTIFIER = com.marco.FaeBowl;
				PRODUCT_NAME = "$(TARGET_NAME)";
			};
			name = Debug;
		};
		9595D7851C34AAE700FB3894 /* Release */ = {
			isa = XCBuildConfiguration;
			buildSettings = {
				ASSETCATALOG_COMPILER_APPICON_NAME = "App Icon & Top Shelf Image";
				ASSETCATALOG_COMPILER_LAUNCHIMAGE_NAME = LaunchImage;
				FRAMEWORK_SEARCH_PATHS = "$(HOME)/Documents/FacebookSDK";
				INFOPLIST_FILE = FaeBowl/Info.plist;
				LD_RUNPATH_SEARCH_PATHS = "$(inherited) @executable_path/Frameworks";
				PRODUCT_BUNDLE_IDENTIFIER = com.marco.FaeBowl;
				PRODUCT_NAME = "$(TARGET_NAME)";
			};
			name = Release;
		};
/* End XCBuildConfiguration section */

/* Begin XCConfigurationList section */
		9595D76F1C34AAE700FB3894 /* Build configuration list for PBXProject "FaeBowl" */ = {
			isa = XCConfigurationList;
			buildConfigurations = (
				9595D7811C34AAE700FB3894 /* Debug */,
				9595D7821C34AAE700FB3894 /* Release */,
			);
			defaultConfigurationIsVisible = 0;
			defaultConfigurationName = Release;
		};
		9595D7831C34AAE700FB3894 /* Build configuration list for PBXNativeTarget "FaeBowl" */ = {
			isa = XCConfigurationList;
			buildConfigurations = (
				9595D7841C34AAE700FB3894 /* Debug */,
				9595D7851C34AAE700FB3894 /* Release */,
			);
			defaultConfigurationIsVisible = 0;
		};
/* End XCConfigurationList section */
	};
	rootObject = 9595D76C1C34AAE700FB3894 /* Project object */;
}
